
Microsoft Visual Studio Solution File, Format Version 12.00
# Visual Studio Version 17
VisualStudioVersion = 17.10.35122.118
MinimumVisualStudioVersion = 10.0.40219.1
Project("{FAE04EC0-301F-11D3-BF4B-00C04F79EFBC}") = "WinFormsApp1", "WinFormsApp1\WinFormsApp1.csproj", "{850E16EA-5862-40ED-BE18-85C041D8F9D6}"
EndProject
Global
	GlobalSection(SolutionConfigurationPlatforms) = preSolution
		Debug|Any CPU = Debug|Any CPU
		Release|Any CPU = Release|Any CPU
	EndGlobalSection
	GlobalSection(ProjectConfigurationPlatforms) = postSolution
		{850E16EA-5862-40ED-BE18-85C041D8F9D6}.Debug|Any CPU.ActiveCfg = Debug|Any CPU
		{850E16EA-5862-40ED-BE18-85C041D8F9D6}.Debug|Any CPU.Build.0 = Debug|Any CPU
		{850E16EA-5862-40ED-BE18-85C041D8F9D6}.Release|Any CPU.ActiveCfg = Release|Any CPU
		{850E16EA-5862-40ED-BE18-85C041D8F9D6}.Release|Any CPU.Build.0 = Release|Any CPU
	EndGlobalSection
	GlobalSection(SolutionProperties) = preSolution
		HideSolutionNode = FALSE
	EndGlobalSection
	GlobalSection(ExtensibilityGlobals) = postSolution
		SolutionGuid = {BB07ED56-17DA-4F66-B95D-2BCD307AFFC7}
	EndGlobalSection
EndGlobal
